Microsoft Visual Studio Solution File, Format Version 12.00
# Visual Studio Version 16
VisualStudioVersion = 16.0.30114.105
MinimumVisualStudioVersion = 10.0.40219.1
Project("{2150E333-8FDC-42A3-9474-1A3956D46DE8}") = "Shared", "Shared", "{A1B3E671-BFB5-4E3C-852A-42245D15AAA4}"
EndProject
Project("{2150E333-8FDC-42A3-9474-1A3956D46DE8}") = "Bootstrapper", "Bootstrapper", "{98E517D0-B1FF-473F-ABC2-9ABD6AA1DB50}"
EndProject
Project("{2150E333-8FDC-42A3-9474-1A3956D46DE8}") = "Modules", "Modules", "{1E27CE56-47D9-4B0C-83B3-71A80DD151A2}"
EndProject
Project("{FAE04EC0-301F-11D3-BF4B-00C04F79EFBC}") = "TemplateName.Shared.Abstractions", "src\Shared\TemplateName.Shared.Abstractions\TemplateName.Shared.Abstractions.csproj", "{E6F7C5A1-DA33-4CA4-A8FA-2D75C05B0C1F}"
EndProject
Project("{FAE04EC0-301F-11D3-BF4B-00C04F79EFBC}") = "TemplateName.Shared.Infrastructure", "src\Shared\TemplateName.Shared.Infrastructure\TemplateName.Shared.Infrastructure.csproj", "{9351596D-B14A-46F3-8711-192E3B592CA8}"
EndProject
Project("{FAE04EC0-301F-11D3-BF4B-00C04F79EFBC}") = "TemplateName.Bootstrapper", "src\Bootstrapper\TemplateName.Bootstrapper\TemplateName.Bootstrapper.csproj", "{034F2CA2-59BD-40B4-A19B-D9FA55E38E4D}"
EndProject
Global
	GlobalSection(SolutionConfigurationPlatforms) = preSolution
		Debug|Any CPU = Debug|Any CPU
		Debug|x64 = Debug|x64
		Debug|x86 = Debug|x86
		Release|Any CPU = Release|Any CPU
		Release|x64 = Release|x64
		Release|x86 = Release|x86
	EndGlobalSection
	GlobalSection(ProjectConfigurationPlatforms) = postSolution
		{E6F7C5A1-DA33-4CA4-A8FA-2D75C05B0C1F}.Debug|Any CPU.ActiveCfg = Debug|Any CPU
		{E6F7C5A1-DA33-4CA4-A8FA-2D75C05B0C1F}.Debug|Any CPU.Build.0 = Debug|Any CPU
		{E6F7C5A1-DA33-4CA4-A8FA-2D75C05B0C1F}.Debug|x64.ActiveCfg = Debug|Any CPU
		{E6F7C5A1-DA33-4CA4-A8FA-2D75C05B0C1F}.Debug|x64.Build.0 = Debug|Any CPU
		{E6F7C5A1-DA33-4CA4-A8FA-2D75C05B0C1F}.Debug|x86.ActiveCfg = Debug|Any CPU
		{E6F7C5A1-DA33-4CA4-A8FA-2D75C05B0C1F}.Debug|x86.Build.0 = Debug|Any CPU
		{E6F7C5A1-DA33-4CA4-A8FA-2D75C05B0C1F}.Release|Any CPU.ActiveCfg = Release|Any CPU
		{E6F7C5A1-DA33-4CA4-A8FA-2D75C05B0C1F}.Release|Any CPU.Build.0 = Release|Any CPU
		{E6F7C5A1-DA33-4CA4-A8FA-2D75C05B0C1F}.Release|x64.ActiveCfg = Release|Any CPU
		{E6F7C5A1-DA33-4CA4-A8FA-2D75C05B0C1F}.Release|x64.Build.0 = Release|Any CPU
		{E6F7C5A1-DA33-4CA4-A8FA-2D75C05B0C1F}.Release|x86.ActiveCfg = Release|Any CPU
		{E6F7C5A1-DA33-4CA4-A8FA-2D75C05B0C1F}.Release|x86.Build.0 = Release|Any CPU
		{9351596D-B14A-46F3-8711-192E3B592CA8}.Debug|Any CPU.ActiveCfg = Debug|Any CPU
		{9351596D-B14A-46F3-8711-192E3B592CA8}.Debug|Any CPU.Build.0 = Debug|Any CPU
		{9351596D-B14A-46F3-8711-192E3B592CA8}.Debug|x64.ActiveCfg = Debug|Any CPU
		{9351596D-B14A-46F3-8711-192E3B592CA8}.Debug|x64.Build.0 = Debug|Any CPU
		{9351596D-B14A-46F3-8711-192E3B592CA8}.Debug|x86.ActiveCfg = Debug|Any CPU
		{9351596D-B14A-46F3-8711-192E3B592CA8}.Debug|x86.Build.0 = Debug|Any CPU
		{9351596D-B14A-46F3-8711-192E3B592CA8}.Release|Any CPU.ActiveCfg = Release|Any CPU
		{9351596D-B14A-46F3-8711-192E3B592CA8}.Release|Any CPU.Build.0 = Release|Any CPU
		{9351596D-B14A-46F3-8711-192E3B592CA8}.Release|x64.ActiveCfg = Release|Any CPU
		{9351596D-B14A-46F3-8711-192E3B592CA8}.Release|x64.Build.0 = Release|Any CPU
		{9351596D-B14A-46F3-8711-192E3B592CA8}.Release|x86.ActiveCfg = Release|Any CPU
		{9351596D-B14A-46F3-8711-192E3B592CA8}.Release|x86.Build.0 = Release|Any CPU
		{034F2CA2-59BD-40B4-A19B-D9FA55E38E4D}.Debug|Any CPU.ActiveCfg = Debug|Any CPU
		{034F2CA2-59BD-40B4-A19B-D9FA55E38E4D}.Debug|Any CPU.Build.0 = Debug|Any CPU
		{034F2CA2-59BD-40B4-A19B-D9FA55E38E4D}.Debug|x64.ActiveCfg = Debug|Any CPU
		{034F2CA2-59BD-40B4-A19B-D9FA55E38E4D}.Debug|x64.Build.0 = Debug|Any CPU
		{034F2CA2-59BD-40B4-A19B-D9FA55E38E4D}.Debug|x86.ActiveCfg = Debug|Any CPU
		{034F2CA2-59BD-40B4-A19B-D9FA55E38E4D}.Debug|x86.Build.0 = Debug|Any CPU
		{034F2CA2-59BD-40B4-A19B-D9FA55E38E4D}.Release|Any CPU.ActiveCfg = Release|Any CPU
		{034F2CA2-59BD-40B4-A19B-D9FA55E38E4D}.Release|Any CPU.Build.0 = Release|Any CPU
		{034F2CA2-59BD-40B4-A19B-D9FA55E38E4D}.Release|x64.ActiveCfg = Release|Any CPU
		{034F2CA2-59BD-40B4-A19B-D9FA55E38E4D}.Release|x64.Build.0 = Release|Any CPU
		{034F2CA2-59BD-40B4-A19B-D9FA55E38E4D}.Release|x86.ActiveCfg = Release|Any CPU
		{034F2CA2-59BD-40B4-A19B-D9FA55E38E4D}.Release|x86.Build.0 = Release|Any CPU
	EndGlobalSection
	GlobalSection(SolutionProperties) = preSolution
		HideSolutionNode = FALSE
	EndGlobalSection
	GlobalSection(NestedProjects) = preSolution
		{E6F7C5A1-DA33-4CA4-A8FA-2D75C05B0C1F} = {A1B3E671-BFB5-4E3C-852A-42245D15AAA4}
		{9351596D-B14A-46F3-8711-192E3B592CA8} = {A1B3E671-BFB5-4E3C-852A-42245D15AAA4}
		{034F2CA2-59BD-40B4-A19B-D9FA55E38E4D} = {98E517D0-B1FF-473F-ABC2-9ABD6AA1DB50}
	EndGlobalSection
EndGlobal

